// !$*UTF8*$!
{
	archiveVersion = 1;
	classes = {
	};
	objectVersion = 48;
	objects = {

/* Begin PBXBuildFile section */
		4505BBA221B47CC100336295 /* Artwork.swift in Sources */ = {isa = PBXBuildFile; fileRef = 4505BBA121B47CC100336295 /* Artwork.swift */; };
		4505BBAB21D05D5900336295 /* HomeCollectionViewController.swift in Sources */ = {isa = PBXBuildFile; fileRef = 4505BBA921D05D5900336295 /* HomeCollectionViewController.swift */; };
		4505BBAC21D05D5900336295 /* HomeCollectionViewController.xib in Resources */ = {isa = PBXBuildFile; fileRef = 4505BBAA21D05D5900336295 /* HomeCollectionViewController.xib */; };
		4505BBAF21D05EA700336295 /* ArtworkCollectionViewCell.swift in Sources */ = {isa = PBXBuildFile; fileRef = 4505BBAD21D05EA700336295 /* ArtworkCollectionViewCell.swift */; };
		4505BBB021D05EA700336295 /* ArtworkCollectionViewCell.xib in Resources */ = {isa = PBXBuildFile; fileRef = 4505BBAE21D05EA700336295 /* ArtworkCollectionViewCell.xib */; };
		4505BBB221D05F5500336295 /* UICollectionViewCell+AH.swift in Sources */ = {isa = PBXBuildFile; fileRef = 4505BBB121D05F5500336295 /* UICollectionViewCell+AH.swift */; };
		4505BBB421D061EF00336295 /* NSObject+AH.swift in Sources */ = {isa = PBXBuildFile; fileRef = 4505BBB321D061EF00336295 /* NSObject+AH.swift */; };
		455BDE872062ED7A009CA00A /* AppDelegate.swift in Sources */ = {isa = PBXBuildFile; fileRef = 455BDE862062ED7A009CA00A /* AppDelegate.swift */; };
		455BDE892062ED7A009CA00A /* art.scnassets in Resources */ = {isa = PBXBuildFile; fileRef = 455BDE882062ED7A009CA00A /* art.scnassets */; };
		455BDE8B2062ED7A009CA00A /* ARViewController.swift in Sources */ = {isa = PBXBuildFile; fileRef = 455BDE8A2062ED7A009CA00A /* ARViewController.swift */; };
		455BDE8E2062ED7A009CA00A /* Main.storyboard in Resources */ = {isa = PBXBuildFile; fileRef = 455BDE8C2062ED7A009CA00A /* Main.storyboard */; };
		455BDE902062ED7A009CA00A /* Assets.xcassets in Resources */ = {isa = PBXBuildFile; fileRef = 455BDE8F2062ED7A009CA00A /* Assets.xcassets */; };
		455BDE932062ED7A009CA00A /* LaunchScreen.storyboard in Resources */ = {isa = PBXBuildFile; fileRef = 455BDE912062ED7A009CA00A /* LaunchScreen.storyboard */; };
		456CC2CF207C59680010676C /* OnboardingChildViewController.swift in Sources */ = {isa = PBXBuildFile; fileRef = 456CC2CE207C59680010676C /* OnboardingChildViewController.swift */; };
		456CC2D2207C5C610010676C /* UIAlertController+AH.swift in Sources */ = {isa = PBXBuildFile; fileRef = 456CC2D1207C5C610010676C /* UIAlertController+AH.swift */; };
		45751AA0206C158A0022D594 /* UIImage+AH.swift in Sources */ = {isa = PBXBuildFile; fileRef = 45751A9F206C158A0022D594 /* UIImage+AH.swift */; };
		45814960207C525C005AE1DE /* ARViewController.xib in Resources */ = {isa = PBXBuildFile; fileRef = 4581495F207C525C005AE1DE /* ARViewController.xib */; };
		45AE658323ED9BC0007BE694 /* SessionManager.swift in Sources */ = {isa = PBXBuildFile; fileRef = 45AE658223ED9BC0007BE694 /* SessionManager.swift */; };
		45AE658523EE0D89007BE694 /* ArtworkState.swift in Sources */ = {isa = PBXBuildFile; fileRef = 45AE658423EE0D89007BE694 /* ArtworkState.swift */; };
		45B1CAB921FEAD960015A6CC /* Uploader.swift in Sources */ = {isa = PBXBuildFile; fileRef = 45B1CAB821FEAD960015A6CC /* Uploader.swift */; };
		45B1CABD2213A6840015A6CC /* ArtworkCollectionViewController.swift in Sources */ = {isa = PBXBuildFile; fileRef = 45B1CABB2213A6830015A6CC /* ArtworkCollectionViewController.swift */; };
		45B1CABE2213A6840015A6CC /* ArtworkCollectionViewController.xib in Resources */ = {isa = PBXBuildFile; fileRef = 45B1CABC2213A6840015A6CC /* ArtworkCollectionViewController.xib */; };
		45B1CAC12213A9DD0015A6CC /* HomeCollectionViewCell.swift in Sources */ = {isa = PBXBuildFile; fileRef = 45B1CABF2213A9DD0015A6CC /* HomeCollectionViewCell.swift */; };
		45B1CAC22213A9DD0015A6CC /* HomeCollectionViewCell.xib in Resources */ = {isa = PBXBuildFile; fileRef = 45B1CAC02213A9DD0015A6CC /* HomeCollectionViewCell.xib */; };
		45C0D61E207927BE00CBBA44 /* OnboardingViewController.swift in Sources */ = {isa = PBXBuildFile; fileRef = 45C0D61C207927BE00CBBA44 /* OnboardingViewController.swift */; };
		45C0D6222079295300CBBA44 /* EnableCameraViewController.swift in Sources */ = {isa = PBXBuildFile; fileRef = 45C0D6202079295300CBBA44 /* EnableCameraViewController.swift */; };
		45C0D6232079295300CBBA44 /* EnableCameraViewController.xib in Resources */ = {isa = PBXBuildFile; fileRef = 45C0D6212079295300CBBA44 /* EnableCameraViewController.xib */; };
		45C0D6262079297B00CBBA44 /* ChooseArtworkViewController.swift in Sources */ = {isa = PBXBuildFile; fileRef = 45C0D6242079297B00CBBA44 /* ChooseArtworkViewController.swift */; };
		45C0D6272079297B00CBBA44 /* ChooseArtworkViewController.xib in Resources */ = {isa = PBXBuildFile; fileRef = 45C0D6252079297B00CBBA44 /* ChooseArtworkViewController.xib */; };
		45C0D62A2079299000CBBA44 /* PositionYourselfViewController.swift in Sources */ = {isa = PBXBuildFile; fileRef = 45C0D6282079299000CBBA44 /* PositionYourselfViewController.swift */; };
		45C0D62B2079299000CBBA44 /* PositionYourselfViewController.xib in Resources */ = {isa = PBXBuildFile; fileRef = 45C0D6292079299000CBBA44 /* PositionYourselfViewController.xib */; };
		45C2B4E52151872D00F562D3 /* UserDefaultsManager.swift in Sources */ = {isa = PBXBuildFile; fileRef = 45C2B4E42151872D00F562D3 /* UserDefaultsManager.swift */; };
		45E4B4BF209BD20D00A286E4 /* GoogleService-Info.plist in Resources */ = {isa = PBXBuildFile; fileRef = 45E4B4BE209BD20C00A286E4 /* GoogleService-Info.plist */; };
		45F7E222207448CE00C7228E /* RootViewController.swift in Sources */ = {isa = PBXBuildFile; fileRef = 45F7E221207448CE00C7228E /* RootViewController.swift */; };
		45F7E22520744C9E00C7228E /* UIColor+AH.swift in Sources */ = {isa = PBXBuildFile; fileRef = 45F7E22420744C9E00C7228E /* UIColor+AH.swift */; };
		45F7E22720744D1300C7228E /* UIViewController+AH.swift in Sources */ = {isa = PBXBuildFile; fileRef = 45F7E22620744D1300C7228E /* UIViewController+AH.swift */; };
		45F7E22D2074550A00C7228E /* sampleVideo.mp4 in Resources */ = {isa = PBXBuildFile; fileRef = 45F7E22C2074550A00C7228E /* sampleVideo.mp4 */; };
		74361FA7D72BDBB27EF2416F /* Pods_ArtHouse.framework in Frameworks */ = {isa = PBXBuildFile; fileRef = ACA4959C78D9864E9507AABC /* Pods_ArtHouse.framework */; };
/* End PBXBuildFile section */

/* Begin PBXFileReference section */
		01D3B9BC83A99C37572CE42D /* Pods-ArtHouse.release.xcconfig */ = {isa = PBXFileReference; includeInIndex = 1; lastKnownFileType = text.xcconfig; name = "Pods-ArtHouse.release.xcconfig"; path = "Pods/Target Support Files/Pods-ArtHouse/Pods-ArtHouse.release.xcconfig"; sourceTree = "<group>"; };
		4505BBA121B47CC100336295 /* Artwork.swift */ = {isa = PBXFileReference; lastKnownFileType = sourcecode.swift; path = Artwork.swift; sourceTree = "<group>"; };
		4505BBA921D05D5900336295 /* HomeCollectionViewController.swift */ = {isa = PBXFileReference; lastKnownFileType = sourcecode.swift; path = HomeCollectionViewController.swift; sourceTree = "<group>"; };
		4505BBAA21D05D5900336295 /* HomeCollectionViewController.xib */ = {isa = PBXFileReference; lastKnownFileType = file.xib; path = HomeCollectionViewController.xib; sourceTree = "<group>"; };
		4505BBAD21D05EA700336295 /* ArtworkCollectionViewCell.swift */ = {isa = PBXFileReference; lastKnownFileType = sourcecode.swift; path = ArtworkCollectionViewCell.swift; sourceTree = "<group>"; };
		4505BBAE21D05EA700336295 /* ArtworkCollectionViewCell.xib */ = {isa = PBXFileReference; lastKnownFileType = file.xib; path = ArtworkCollectionViewCell.xib; sourceTree = "<group>"; };
		4505BBB121D05F5500336295 /* UICollectionViewCell+AH.swift */ = {isa = PBXFileReference; lastKnownFileType = sourcecode.swift; path = "UICollectionViewCell+AH.swift"; sourceTree = "<group>"; };
		4505BBB321D061EF00336295 /* NSObject+AH.swift */ = {isa = PBXFileReference; lastKnownFileType = sourcecode.swift; path = "NSObject+AH.swift"; sourceTree = "<group>"; };
		455BDE832062ED7A009CA00A /* ArtHouse.app */ = {isa = PBXFileReference; explicitFileType = wrapper.application; includeInIndex = 0; path = ArtHouse.app; sourceTree = BUILT_PRODUCTS_DIR; };
		455BDE862062ED7A009CA00A /* AppDelegate.swift */ = {isa = PBXFileReference; lastKnownFileType = sourcecode.swift; path = AppDelegate.swift; sourceTree = "<group>"; };
		455BDE882062ED7A009CA00A /* art.scnassets */ = {isa = PBXFileReference; lastKnownFileType = wrapper.scnassets; path = art.scnassets; sourceTree = "<group>"; };
		455BDE8A2062ED7A009CA00A /* ARViewController.swift */ = {isa = PBXFileReference; lastKnownFileType = sourcecode.swift; path = ARViewController.swift; sourceTree = "<group>"; };
		455BDE8D2062ED7A009CA00A /* Base */ = {isa = PBXFileReference; lastKnownFileType = file.storyboard; name = Base; path = Base.lproj/Main.storyboard; sourceTree = "<group>"; };
		455BDE8F2062ED7A009CA00A /* Assets.xcassets */ = {isa = PBXFileReference; lastKnownFileType = folder.assetcatalog; path = Assets.xcassets; sourceTree = "<group>"; };
		455BDE922062ED7A009CA00A /* Base */ = {isa = PBXFileReference; lastKnownFileType = file.storyboard; name = Base; path = Base.lproj/LaunchScreen.storyboard; sourceTree = "<group>"; };
		455BDE942062ED7A009CA00A /* Info.plist */ = {isa = PBXFileReference; lastKnownFileType = text.plist.xml; path = Info.plist; sourceTree = "<group>"; };
		456CC2CE207C59680010676C /* OnboardingChildViewController.swift */ = {isa = PBXFileReference; lastKnownFileType = sourcecode.swift; path = OnboardingChildViewController.swift; sourceTree = "<group>"; };
		456CC2D1207C5C610010676C /* UIAlertController+AH.swift */ = {isa = PBXFileReference; lastKnownFileType = sourcecode.swift; path = "UIAlertController+AH.swift"; sourceTree = "<group>"; };
		45751A9F206C158A0022D594 /* UIImage+AH.swift */ = {isa = PBXFileReference; lastKnownFileType = sourcecode.swift; path = "UIImage+AH.swift"; sourceTree = "<group>"; };
		4581495F207C525C005AE1DE /* ARViewController.xib */ = {isa = PBXFileReference; lastKnownFileType = file.xib; path = ARViewController.xib; sourceTree = "<group>"; };
		45AE658223ED9BC0007BE694 /* SessionManager.swift */ = {isa = PBXFileReference; lastKnownFileType = sourcecode.swift; path = SessionManager.swift; sourceTree = "<group>"; };
		45AE658423EE0D89007BE694 /* ArtworkState.swift */ = {isa = PBXFileReference; lastKnownFileType = sourcecode.swift; path = ArtworkState.swift; sourceTree = "<group>"; };
		45B1CAB821FEAD960015A6CC /* Uploader.swift */ = {isa = PBXFileReference; lastKnownFileType = sourcecode.swift; path = Uploader.swift; sourceTree = "<group>"; };
		45B1CABB2213A6830015A6CC /* ArtworkCollectionViewController.swift */ = {isa = PBXFileReference; lastKnownFileType = sourcecode.swift; path = ArtworkCollectionViewController.swift; sourceTree = "<group>"; };
		45B1CABC2213A6840015A6CC /* ArtworkCollectionViewController.xib */ = {isa = PBXFileReference; lastKnownFileType = file.xib; path = ArtworkCollectionViewController.xib; sourceTree = "<group>"; };
		45B1CABF2213A9DD0015A6CC /* HomeCollectionViewCell.swift */ = {isa = PBXFileReference; lastKnownFileType = sourcecode.swift; path = HomeCollectionViewCell.swift; sourceTree = "<group>"; };
		45B1CAC02213A9DD0015A6CC /* HomeCollectionViewCell.xib */ = {isa = PBXFileReference; lastKnownFileType = file.xib; path = HomeCollectionViewCell.xib; sourceTree = "<group>"; };
		45C0D61C207927BE00CBBA44 /* OnboardingViewController.swift */ = {isa = PBXFileReference; lastKnownFileType = sourcecode.swift; path = OnboardingViewController.swift; sourceTree = "<group>"; };
		45C0D6202079295300CBBA44 /* EnableCameraViewController.swift */ = {isa = PBXFileReference; lastKnownFileType = sourcecode.swift; path = EnableCameraViewController.swift; sourceTree = "<group>"; };
		45C0D6212079295300CBBA44 /* EnableCameraViewController.xib */ = {isa = PBXFileReference; lastKnownFileType = file.xib; path = EnableCameraViewController.xib; sourceTree = "<group>"; };
		45C0D6242079297B00CBBA44 /* ChooseArtworkViewController.swift */ = {isa = PBXFileReference; lastKnownFileType = sourcecode.swift; path = ChooseArtworkViewController.swift; sourceTree = "<group>"; };
		45C0D6252079297B00CBBA44 /* ChooseArtworkViewController.xib */ = {isa = PBXFileReference; lastKnownFileType = file.xib; path = ChooseArtworkViewController.xib; sourceTree = "<group>"; };
		45C0D6282079299000CBBA44 /* PositionYourselfViewController.swift */ = {isa = PBXFileReference; lastKnownFileType = sourcecode.swift; path = PositionYourselfViewController.swift; sourceTree = "<group>"; };
		45C0D6292079299000CBBA44 /* PositionYourselfViewController.xib */ = {isa = PBXFileReference; lastKnownFileType = file.xib; path = PositionYourselfViewController.xib; sourceTree = "<group>"; };
		45C2B4E42151872D00F562D3 /* UserDefaultsManager.swift */ = {isa = PBXFileReference; lastKnownFileType = sourcecode.swift; path = UserDefaultsManager.swift; sourceTree = "<group>"; };
		45E4B4BE209BD20C00A286E4 /* GoogleService-Info.plist */ = {isa = PBXFileReference; fileEncoding = 4; lastKnownFileType = text.plist.xml; path = "GoogleService-Info.plist"; sourceTree = "<group>"; };
		45F7E221207448CE00C7228E /* RootViewController.swift */ = {isa = PBXFileReference; lastKnownFileType = sourcecode.swift; path = RootViewController.swift; sourceTree = "<group>"; };
		45F7E22420744C9E00C7228E /* UIColor+AH.swift */ = {isa = PBXFileReference; lastKnownFileType = sourcecode.swift; path = "UIColor+AH.swift"; sourceTree = "<group>"; };
		45F7E22620744D1300C7228E /* UIViewController+AH.swift */ = {isa = PBXFileReference; lastKnownFileType = sourcecode.swift; path = "UIViewController+AH.swift"; sourceTree = "<group>"; };
		45F7E22C2074550A00C7228E /* sampleVideo.mp4 */ = {isa = PBXFileReference; lastKnownFileType = file; path = sampleVideo.mp4; sourceTree = "<group>"; };
		ACA4959C78D9864E9507AABC /* Pods_ArtHouse.framework */ = {isa = PBXFileReference; explicitFileType = wrapper.framework; includeInIndex = 0; path = Pods_ArtHouse.framework; sourceTree = BUILT_PRODUCTS_DIR; };
		DAA1D58C247DE2B8A264EC8E /* Pods-ArtHouse.debug.xcconfig */ = {isa = PBXFileReference; includeInIndex = 1; lastKnownFileType = text.xcconfig; name = "Pods-ArtHouse.debug.xcconfig"; path = "Pods/Target Support Files/Pods-ArtHouse/Pods-ArtHouse.debug.xcconfig"; sourceTree = "<group>"; };
/* End PBXFileReference section */

/* Begin PBXFrameworksBuildPhase section */
		455BDE802062ED7A009CA00A /* Frameworks */ = {
			isa = PBXFrameworksBuildPhase;
			buildActionMask = 2147483647;
			files = (
				74361FA7D72BDBB27EF2416F /* Pods_ArtHouse.framework in Frameworks */,
			);
			runOnlyForDeploymentPostprocessing = 0;
		};
/* End PBXFrameworksBuildPhase section */

/* Begin PBXGroup section */
		3DEC1E6CCC5EF0FECD1BED13 /* Frameworks */ = {
			isa = PBXGroup;
			children = (
				ACA4959C78D9864E9507AABC /* Pods_ArtHouse.framework */,
			);
			name = Frameworks;
			sourceTree = "<group>";
		};
		4505BBA021B47CB700336295 /* Models */ = {
			isa = PBXGroup;
			children = (
				4505BBA121B47CC100336295 /* Artwork.swift */,
			);
			path = Models;
			sourceTree = "<group>";
		};
		4505BBA821D05D3200336295 /* Home */ = {
			isa = PBXGroup;
			children = (
				4505BBA921D05D5900336295 /* HomeCollectionViewController.swift */,
				4505BBAA21D05D5900336295 /* HomeCollectionViewController.xib */,
				45B1CABF2213A9DD0015A6CC /* HomeCollectionViewCell.swift */,
				45B1CAC02213A9DD0015A6CC /* HomeCollectionViewCell.xib */,
			);
			path = Home;
			sourceTree = "<group>";
		};
		455BDE7A2062ED7A009CA00A = {
			isa = PBXGroup;
			children = (
				455BDE852062ED7A009CA00A /* ArtHouse */,
				455BDE842062ED7A009CA00A /* Products */,
				E086F570BB8CBE83B3E8E737 /* Pods */,
				3DEC1E6CCC5EF0FECD1BED13 /* Frameworks */,
			);
			sourceTree = "<group>";
		};
		455BDE842062ED7A009CA00A /* Products */ = {
			isa = PBXGroup;
			children = (
				455BDE832062ED7A009CA00A /* ArtHouse.app */,
			);
			name = Products;
			sourceTree = "<group>";
		};
		455BDE852062ED7A009CA00A /* ArtHouse */ = {
			isa = PBXGroup;
			children = (
				455BDE862062ED7A009CA00A /* AppDelegate.swift */,
				4505BBA021B47CB700336295 /* Models */,
				45F7E21F207448AB00C7228E /* View Controllers */,
				45751A9E206C15800022D594 /* Extensions */,
				45C2B4E32151871D00F562D3 /* Utilities */,
				455BDE8C2062ED7A009CA00A /* Main.storyboard */,
				455BDE882062ED7A009CA00A /* art.scnassets */,
				455BDE8F2062ED7A009CA00A /* Assets.xcassets */,
				45F7E22B207454F100C7228E /* Videos */,
				455BDE912062ED7A009CA00A /* LaunchScreen.storyboard */,
				45E4B4BE209BD20C00A286E4 /* GoogleService-Info.plist */,
				455BDE942062ED7A009CA00A /* Info.plist */,
			);
			path = ArtHouse;
			sourceTree = "<group>";
		};
		45751A9E206C15800022D594 /* Extensions */ = {
			isa = PBXGroup;
			children = (
				45751A9F206C158A0022D594 /* UIImage+AH.swift */,
				45F7E22420744C9E00C7228E /* UIColor+AH.swift */,
				45F7E22620744D1300C7228E /* UIViewController+AH.swift */,
				456CC2D1207C5C610010676C /* UIAlertController+AH.swift */,
				4505BBB121D05F5500336295 /* UICollectionViewCell+AH.swift */,
				4505BBB321D061EF00336295 /* NSObject+AH.swift */,
			);
			path = Extensions;
			sourceTree = "<group>";
		};
		4581495E207C5198005AE1DE /* AR */ = {
			isa = PBXGroup;
			children = (
				455BDE8A2062ED7A009CA00A /* ARViewController.swift */,
				4581495F207C525C005AE1DE /* ARViewController.xib */,
				45AE658423EE0D89007BE694 /* ArtworkState.swift */,
			);
			path = AR;
			sourceTree = "<group>";
		};
		45B1CABA2213A62B0015A6CC /* Artwork */ = {
			isa = PBXGroup;
			children = (
				45B1CABB2213A6830015A6CC /* ArtworkCollectionViewController.swift */,
				45B1CABC2213A6840015A6CC /* ArtworkCollectionViewController.xib */,
				4505BBAD21D05EA700336295 /* ArtworkCollectionViewCell.swift */,
				4505BBAE21D05EA700336295 /* ArtworkCollectionViewCell.xib */,
			);
			path = Artwork;
			sourceTree = "<group>";
		};
		45C2B4E32151871D00F562D3 /* Utilities */ = {
			isa = PBXGroup;
			children = (
				45C2B4E42151872D00F562D3 /* UserDefaultsManager.swift */,
				45B1CAB821FEAD960015A6CC /* Uploader.swift */,
				45AE658223ED9BC0007BE694 /* SessionManager.swift */,
			);
			path = Utilities;
			sourceTree = "<group>";
		};
		45F7E21F207448AB00C7228E /* View Controllers */ = {
			isa = PBXGroup;
			children = (
				45B1CABA2213A62B0015A6CC /* Artwork */,
				4505BBA821D05D3200336295 /* Home */,
				4581495E207C5198005AE1DE /* AR */,
				45F7E2282074524C00C7228E /* Onboarding */,
				45F7E220207448B700C7228E /* Root */,
			);
			path = "View Controllers";
			sourceTree = "<group>";
		};
		45F7E220207448B700C7228E /* Root */ = {
			isa = PBXGroup;
			children = (
				45F7E221207448CE00C7228E /* RootViewController.swift */,
			);
			path = Root;
			sourceTree = "<group>";
		};
		45F7E2282074524C00C7228E /* Onboarding */ = {
			isa = PBXGroup;
			children = (
				45C0D61C207927BE00CBBA44 /* OnboardingViewController.swift */,
				45C0D6202079295300CBBA44 /* EnableCameraViewController.swift */,
				45C0D6212079295300CBBA44 /* EnableCameraViewController.xib */,
				45C0D6242079297B00CBBA44 /* ChooseArtworkViewController.swift */,
				45C0D6252079297B00CBBA44 /* ChooseArtworkViewController.xib */,
				45C0D6282079299000CBBA44 /* PositionYourselfViewController.swift */,
				45C0D6292079299000CBBA44 /* PositionYourselfViewController.xib */,
				456CC2CE207C59680010676C /* OnboardingChildViewController.swift */,
			);
			path = Onboarding;
			sourceTree = "<group>";
		};
		45F7E22B207454F100C7228E /* Videos */ = {
			isa = PBXGroup;
			children = (
				45F7E22C2074550A00C7228E /* sampleVideo.mp4 */,
			);
			path = Videos;
			sourceTree = "<group>";
		};
		E086F570BB8CBE83B3E8E737 /* Pods */ = {
			isa = PBXGroup;
			children = (
				DAA1D58C247DE2B8A264EC8E /* Pods-ArtHouse.debug.xcconfig */,
				01D3B9BC83A99C37572CE42D /* Pods-ArtHouse.release.xcconfig */,
			);
			name = Pods;
			sourceTree = "<group>";
		};
/* End PBXGroup section */

/* Begin PBXNativeTarget section */
		455BDE822062ED7A009CA00A /* ArtHouse */ = {
			isa = PBXNativeTarget;
			buildConfigurationList = 455BDE972062ED7A009CA00A /* Build configuration list for PBXNativeTarget "ArtHouse" */;
			buildPhases = (
				618658A964FF02E7690A9BDA /* [CP] Check Pods Manifest.lock */,
				455BDE7F2062ED7A009CA00A /* Sources */,
				455BDE802062ED7A009CA00A /* Frameworks */,
				455BDE812062ED7A009CA00A /* Resources */,
				2D562499814466B17B493261 /* [CP] Embed Pods Frameworks */,
				AF1274A28FD62AA4EC8BE0C7 /* [CP] Copy Pods Resources */,
			);
			buildRules = (
			);
			dependencies = (
			);
			name = ArtHouse;
			productName = ArtHouse;
			productReference = 455BDE832062ED7A009CA00A /* ArtHouse.app */;
			productType = "com.apple.product-type.application";
		};
/* End PBXNativeTarget section */

/* Begin PBXProject section */
		455BDE7B2062ED7A009CA00A /* Project object */ = {
			isa = PBXProject;
			attributes = {
				LastSwiftUpdateCheck = 0920;
				LastUpgradeCheck = 0930;
				ORGANIZATIONNAME = "The Scarpa Group";
				TargetAttributes = {
					455BDE822062ED7A009CA00A = {
						CreatedOnToolsVersion = 9.2;
						LastSwiftMigration = 1130;
						ProvisioningStyle = Automatic;
					};
				};
			};
			buildConfigurationList = 455BDE7E2062ED7A009CA00A /* Build configuration list for PBXProject "ArtHouse" */;
			compatibilityVersion = "Xcode 8.0";
			developmentRegion = en;
			hasScannedForEncodings = 0;
			knownRegions = (
				en,
				Base,
			);
			mainGroup = 455BDE7A2062ED7A009CA00A;
			productRefGroup = 455BDE842062ED7A009CA00A /* Products */;
			projectDirPath = "";
			projectRoot = "";
			targets = (
				455BDE822062ED7A009CA00A /* ArtHouse */,
			);
		};
/* End PBXProject section */

/* Begin PBXResourcesBuildPhase section */
		455BDE812062ED7A009CA00A /* Resources */ = {
			isa = PBXResourcesBuildPhase;
			buildActionMask = 2147483647;
			files = (
				45C0D62B2079299000CBBA44 /* PositionYourselfViewController.xib in Resources */,
				455BDE892062ED7A009CA00A /* art.scnassets in Resources */,
				45F7E22D2074550A00C7228E /* sampleVideo.mp4 in Resources */,
				455BDE932062ED7A009CA00A /* LaunchScreen.storyboard in Resources */,
				455BDE902062ED7A009CA00A /* Assets.xcassets in Resources */,
				4505BBAC21D05D5900336295 /* HomeCollectionViewController.xib in Resources */,
				45C0D6232079295300CBBA44 /* EnableCameraViewController.xib in Resources */,
				4505BBB021D05EA700336295 /* ArtworkCollectionViewCell.xib in Resources */,
				455BDE8E2062ED7A009CA00A /* Main.storyboard in Resources */,
				45E4B4BF209BD20D00A286E4 /* GoogleService-Info.plist in Resources */,
				45C0D6272079297B00CBBA44 /* ChooseArtworkViewController.xib in Resources */,
				45B1CAC22213A9DD0015A6CC /* HomeCollectionViewCell.xib in Resources */,
				45B1CABE2213A6840015A6CC /* ArtworkCollectionViewController.xib in Resources */,
				45814960207C525C005AE1DE /* ARViewController.xib in Resources */,
			);
			runOnlyForDeploymentPostprocessing = 0;
		};
/* End PBXResourcesBuildPhase section */

/* Begin PBXShellScriptBuildPhase section */
		2D562499814466B17B493261 /* [CP] Embed Pods Frameworks */ = {
			isa = PBXShellScriptBuildPhase;
			buildActionMask = 2147483647;
			files = (
			);
			inputPaths = (
				"${PODS_ROOT}/Target Support Files/Pods-ArtHouse/Pods-ArtHouse-frameworks.sh",
				"${BUILT_PRODUCTS_DIR}/Bolts/Bolts.framework",
				"${BUILT_PRODUCTS_DIR}/BoringSSL/openssl.framework",
				"${BUILT_PRODUCTS_DIR}/FBSDKCoreKit/FBSDKCoreKit.framework",
				"${BUILT_PRODUCTS_DIR}/FBSDKLoginKit/FBSDKLoginKit.framework",
				"${BUILT_PRODUCTS_DIR}/GTMOAuth2/GTMOAuth2.framework",
				"${BUILT_PRODUCTS_DIR}/GTMSessionFetcher/GTMSessionFetcher.framework",
				"${BUILT_PRODUCTS_DIR}/GoogleToolboxForMac/GoogleToolboxForMac.framework",
				"${BUILT_PRODUCTS_DIR}/Kingfisher/Kingfisher.framework",
				"${BUILT_PRODUCTS_DIR}/Protobuf/Protobuf.framework",
				"${BUILT_PRODUCTS_DIR}/SDWebImage/SDWebImage.framework",
				"${PODS_ROOT}/TwitterCore/iOS/TwitterCore.framework",
				"${PODS_ROOT}/TwitterKit/iOS/TwitterKit.framework",
				"${BUILT_PRODUCTS_DIR}/gRPC/GRPCClient.framework",
				"${BUILT_PRODUCTS_DIR}/gRPC-Core/grpc.framework",
				"${BUILT_PRODUCTS_DIR}/gRPC-ProtoRPC/ProtoRPC.framework",
				"${BUILT_PRODUCTS_DIR}/gRPC-RxLibrary/RxLibrary.framework",
				"${BUILT_PRODUCTS_DIR}/leveldb-library/leveldb.framework",
				"${BUILT_PRODUCTS_DIR}/nanopb/nanopb.framework",
			);
			name = "[CP] Embed Pods Frameworks";
			outputPaths = (
				"${TARGET_BUILD_DIR}/${FRAMEWORKS_FOLDER_PATH}/Bolts.framework",
				"${TARGET_BUILD_DIR}/${FRAMEWORKS_FOLDER_PATH}/openssl.framework",
				"${TARGET_BUILD_DIR}/${FRAMEWORKS_FOLDER_PATH}/FBSDKCoreKit.framework",
				"${TARGET_BUILD_DIR}/${FRAMEWORKS_FOLDER_PATH}/FBSDKLoginKit.framework",
				"${TARGET_BUILD_DIR}/${FRAMEWORKS_FOLDER_PATH}/GTMOAuth2.framework",
				"${TARGET_BUILD_DIR}/${FRAMEWORKS_FOLDER_PATH}/GTMSessionFetcher.framework",
				"${TARGET_BUILD_DIR}/${FRAMEWORKS_FOLDER_PATH}/GoogleToolboxForMac.framework",
				"${TARGET_BUILD_DIR}/${FRAMEWORKS_FOLDER_PATH}/Kingfisher.framework",
				"${TARGET_BUILD_DIR}/${FRAMEWORKS_FOLDER_PATH}/Protobuf.framework",
				"${TARGET_BUILD_DIR}/${FRAMEWORKS_FOLDER_PATH}/SDWebImage.framework",
				"${TARGET_BUILD_DIR}/${FRAMEWORKS_FOLDER_PATH}/TwitterCore.framework",
				"${TARGET_BUILD_DIR}/${FRAMEWORKS_FOLDER_PATH}/TwitterKit.framework",
				"${TARGET_BUILD_DIR}/${FRAMEWORKS_FOLDER_PATH}/GRPCClient.framework",
				"${TARGET_BUILD_DIR}/${FRAMEWORKS_FOLDER_PATH}/grpc.framework",
				"${TARGET_BUILD_DIR}/${FRAMEWORKS_FOLDER_PATH}/ProtoRPC.framework",
				"${TARGET_BUILD_DIR}/${FRAMEWORKS_FOLDER_PATH}/RxLibrary.framework",
				"${TARGET_BUILD_DIR}/${FRAMEWORKS_FOLDER_PATH}/leveldb.framework",
				"${TARGET_BUILD_DIR}/${FRAMEWORKS_FOLDER_PATH}/nanopb.framework",
			);
			runOnlyForDeploymentPostprocessing = 0;
			shellPath = /bin/sh;
			shellScript = "\"${PODS_ROOT}/Target Support Files/Pods-ArtHouse/Pods-ArtHouse-frameworks.sh\"\n";
			showEnvVarsInLog = 0;
		};
		618658A964FF02E7690A9BDA /* [CP] Check Pods Manifest.lock */ = {
			isa = PBXShellScriptBuildPhase;
			buildActionMask = 2147483647;
			files = (
			);
			inputPaths = (
				"${PODS_PODFILE_DIR_PATH}/Podfile.lock",
				"${PODS_ROOT}/Manifest.lock",
			);
			name = "[CP] Check Pods Manifest.lock";
			outputPaths = (
				"$(DERIVED_FILE_DIR)/Pods-ArtHouse-checkManifestLockResult.txt",
			);
			runOnlyForDeploymentPostprocessing = 0;
			shellPath = /bin/sh;
			shellScript = "diff \"${PODS_PODFILE_DIR_PATH}/Podfile.lock\" \"${PODS_ROOT}/Manifest.lock\" > /dev/null\nif [ $? != 0 ] ; then\n    # print error to STDERR\n    echo \"error: The sandbox is not in sync with the Podfile.lock. Run 'pod install' or update your CocoaPods installation.\" >&2\n    exit 1\nfi\n# This output is used by Xcode 'outputs' to avoid re-running this script phase.\necho \"SUCCESS\" > \"${SCRIPT_OUTPUT_FILE_0}\"\n";
			showEnvVarsInLog = 0;
		};
		AF1274A28FD62AA4EC8BE0C7 /* [CP] Copy Pods Resources */ = {
			isa = PBXShellScriptBuildPhase;
			buildActionMask = 2147483647;
			files = (
			);
			inputPaths = (
				"${PODS_ROOT}/Target Support Files/Pods-ArtHouse/Pods-ArtHouse-resources.sh",
				"${PODS_CONFIGURATION_BUILD_DIR}/FirebaseUI/FirebaseAuthUI.bundle",
				"${PODS_CONFIGURATION_BUILD_DIR}/FirebaseUI/FirebaseFacebookAuthUI.bundle",
				"${PODS_CONFIGURATION_BUILD_DIR}/FirebaseUI/FirebaseGoogleAuthUI.bundle",
				"${PODS_CONFIGURATION_BUILD_DIR}/FirebaseUI/FirebasePhoneAuthUI.bundle",
				"${PODS_CONFIGURATION_BUILD_DIR}/FirebaseUI/FirebaseTwitterAuthUI.bundle",
				"${PODS_ROOT}/GoogleSignIn/Resources/GoogleSignIn.bundle",
				"${PODS_ROOT}/TwitterKit/iOS/TwitterKit.framework/TwitterKitResources.bundle",
			);
			name = "[CP] Copy Pods Resources";
			outputPaths = (
				"${TARGET_BUILD_DIR}/${UNLOCALIZED_RESOURCES_FOLDER_PATH}/FirebaseAuthUI.bundle",
				"${TARGET_BUILD_DIR}/${UNLOCALIZED_RESOURCES_FOLDER_PATH}/FirebaseFacebookAuthUI.bundle",
				"${TARGET_BUILD_DIR}/${UNLOCALIZED_RESOURCES_FOLDER_PATH}/FirebaseGoogleAuthUI.bundle",
				"${TARGET_BUILD_DIR}/${UNLOCALIZED_RESOURCES_FOLDER_PATH}/FirebasePhoneAuthUI.bundle",
				"${TARGET_BUILD_DIR}/${UNLOCALIZED_RESOURCES_FOLDER_PATH}/FirebaseTwitterAuthUI.bundle",
				"${TARGET_BUILD_DIR}/${UNLOCALIZED_RESOURCES_FOLDER_PATH}/GoogleSignIn.bundle",
				"${TARGET_BUILD_DIR}/${UNLOCALIZED_RESOURCES_FOLDER_PATH}/TwitterKitResources.bundle",
			);
			runOnlyForDeploymentPostprocessing = 0;
			shellPath = /bin/sh;
			shellScript = "\"${PODS_ROOT}/Target Support Files/Pods-ArtHouse/Pods-ArtHouse-resources.sh\"\n";
			showEnvVarsInLog = 0;
		};
/* End PBXShellScriptBuildPhase section */

/* Begin PBXSourcesBuildPhase section */
		455BDE7F2062ED7A009CA00A /* Sources */ = {
			isa = PBXSourcesBuildPhase;
			buildActionMask = 2147483647;
			files = (
				45751AA0206C158A0022D594 /* UIImage+AH.swift in Sources */,
				45B1CABD2213A6840015A6CC /* ArtworkCollectionViewController.swift in Sources */,
				455BDE8B2062ED7A009CA00A /* ARViewController.swift in Sources */,
				4505BBA221B47CC100336295 /* Artwork.swift in Sources */,
				4505BBAB21D05D5900336295 /* HomeCollectionViewController.swift in Sources */,
				4505BBB221D05F5500336295 /* UICollectionViewCell+AH.swift in Sources */,
				456CC2CF207C59680010676C /* OnboardingChildViewController.swift in Sources */,
				45C0D6262079297B00CBBA44 /* ChooseArtworkViewController.swift in Sources */,
				45C2B4E52151872D00F562D3 /* UserDefaultsManager.swift in Sources */,
				45B1CAB921FEAD960015A6CC /* Uploader.swift in Sources */,
				45AE658323ED9BC0007BE694 /* SessionManager.swift in Sources */,
				4505BBAF21D05EA700336295 /* ArtworkCollectionViewCell.swift in Sources */,
				45F7E222207448CE00C7228E /* RootViewController.swift in Sources */,
				45C0D61E207927BE00CBBA44 /* OnboardingViewController.swift in Sources */,
				45F7E22720744D1300C7228E /* UIViewController+AH.swift in Sources */,
				45B1CAC12213A9DD0015A6CC /* HomeCollectionViewCell.swift in Sources */,
				45C0D6222079295300CBBA44 /* EnableCameraViewController.swift in Sources */,
				455BDE872062ED7A009CA00A /* AppDelegate.swift in Sources */,
				45F7E22520744C9E00C7228E /* UIColor+AH.swift in Sources */,
				45C0D62A2079299000CBBA44 /* PositionYourselfViewController.swift in Sources */,
				45AE658523EE0D89007BE694 /* ArtworkState.swift in Sources */,
				4505BBB421D061EF00336295 /* NSObject+AH.swift in Sources */,
				456CC2D2207C5C610010676C /* UIAlertController+AH.swift in Sources */,
			);
			runOnlyForDeploymentPostprocessing = 0;
		};
/* End PBXSourcesBuildPhase section */

/* Begin PBXVariantGroup section */
		455BDE8C2062ED7A009CA00A /* Main.storyboard */ = {
			isa = PBXVariantGroup;
			children = (
				455BDE8D2062ED7A009CA00A /* Base */,
			);
			name = Main.storyboard;
			sourceTree = "<group>";
		};
		455BDE912062ED7A009CA00A /* LaunchScreen.storyboard */ = {
			isa = PBXVariantGroup;
			children = (
				455BDE922062ED7A009CA00A /* Base */,
			);
			name = LaunchScreen.storyboard;
			sourceTree = "<group>";
		};
/* End PBXVariantGroup section */

/* Begin XCBuildConfiguration section */
		455BDE952062ED7A009CA00A /* Debug */ = {
			isa = XCBuildConfiguration;
			buildSettings = {
				ALWAYS_SEARCH_USER_PATHS = NO;
				CLANG_ANALYZER_NONNULL = YES;
				CLANG_ANALYZER_NUMBER_OBJECT_CONVERSION = YES_AGGRESSIVE;
				CLANG_CXX_LANGUAGE_STANDARD = "gnu++14";
				CLANG_CXX_LIBRARY = "libc++";
				CLANG_ENABLE_MODULES = YES;
				CLANG_ENABLE_OBJC_ARC = YES;
				CLANG_WARN_BLOCK_CAPTURE_AUTORELEASING = YES;
				CLANG_WARN_BOOL_CONVERSION = YES;
				CLANG_WARN_COMMA = YES;
				CLANG_WARN_CONSTANT_CONVERSION = YES;
				CLANG_WARN_DEPRECATED_OBJC_IMPLEMENTATIONS = YES;
				CLANG_WARN_DIRECT_OBJC_ISA_USAGE = YES_ERROR;
				CLANG_WARN_DOCUMENTATION_COMMENTS = YES;
				CLANG_WARN_EMPTY_BODY = YES;
				CLANG_WARN_ENUM_CONVERSION = YES;
				CLANG_WARN_INFINITE_RECURSION = YES;
				CLANG_WARN_INT_CONVERSION = YES;
				CLANG_WARN_NON_LITERAL_NULL_CONVERSION = YES;
				CLANG_WARN_OBJC_IMPLICIT_RETAIN_SELF = YES;
				CLANG_WARN_OBJC_LITERAL_CONVERSION = YES;
				CLANG_WARN_OBJC_ROOT_CLASS = YES_ERROR;
				CLANG_WARN_RANGE_LOOP_ANALYSIS = YES;
				CLANG_WARN_STRICT_PROTOTYPES = YES;
				CLANG_WARN_SUSPICIOUS_MOVE = YES;
				CLANG_WARN_UNGUARDED_AVAILABILITY = YES_AGGRESSIVE;
				CLANG_WARN_UNREACHABLE_CODE = YES;
				CLANG_WARN__DUPLICATE_METHOD_MATCH = YES;
				CODE_SIGN_IDENTITY = "iPhone Developer";
				COPY_PHASE_STRIP = NO;
				DEBUG_INFORMATION_FORMAT = dwarf;
				ENABLE_STRICT_OBJC_MSGSEND = YES;
				ENABLE_TESTABILITY = YES;
				GCC_C_LANGUAGE_STANDARD = gnu11;
				GCC_DYNAMIC_NO_PIC = NO;
				GCC_NO_COMMON_BLOCKS = YES;
				GCC_OPTIMIZATION_LEVEL = 0;
				GCC_PREPROCESSOR_DEFINITIONS = (
					"DEBUG=1",
					"$(inherited)",
				);
				GCC_WARN_64_TO_32_BIT_CONVERSION = YES;
				GCC_WARN_ABOUT_RETURN_TYPE = YES_ERROR;
				GCC_WARN_UNDECLARED_SELECTOR = YES;
				GCC_WARN_UNINITIALIZED_AUTOS = YES_AGGRESSIVE;
				GCC_WARN_UNUSED_FUNCTION = YES;
				GCC_WARN_UNUSED_VARIABLE = YES;
				IPHONEOS_DEPLOYMENT_TARGET = 11.2;
				MTL_ENABLE_DEBUG_INFO = YES;
				ONLY_ACTIVE_ARCH = YES;
				SDKROOT = iphoneos;
				SWIFT_ACTIVE_COMPILATION_CONDITIONS = DEBUG;
				SWIFT_OPTIMIZATION_LEVEL = "-Onone";
			};
			name = Debug;
		};
		455BDE962062ED7A009CA00A /* Release */ = {
			isa = XCBuildConfiguration;
			buildSettings = {
				ALWAYS_SEARCH_USER_PATHS = NO;
				CLANG_ANALYZER_NONNULL = YES;
				CLANG_ANALYZER_NUMBER_OBJECT_CONVERSION = YES_AGGRESSIVE;
				CLANG_CXX_LANGUAGE_STANDARD = "gnu++14";
				CLANG_CXX_LIBRARY = "libc++";
				CLANG_ENABLE_MODULES = YES;
				CLANG_ENABLE_OBJC_ARC = YES;
				CLANG_WARN_BLOCK_CAPTURE_AUTORELEASING = YES;
				CLANG_WARN_BOOL_CONVERSION = YES;
				CLANG_WARN_COMMA = YES;
				CLANG_WARN_CONSTANT_CONVERSION = YES;
				CLANG_WARN_DEPRECATED_OBJC_IMPLEMENTATIONS = YES;
				CLANG_WARN_DIRECT_OBJC_ISA_USAGE = YES_ERROR;
				CLANG_WARN_DOCUMENTATION_COMMENTS = YES;
				CLANG_WARN_EMPTY_BODY = YES;
				CLANG_WARN_ENUM_CONVERSION = YES;
				CLANG_WARN_INFINITE_RECURSION = YES;
				CLANG_WARN_INT_CONVERSION = YES;
				CLANG_WARN_NON_LITERAL_NULL_CONVERSION = YES;
				CLANG_WARN_OBJC_IMPLICIT_RETAIN_SELF = YES;
				CLANG_WARN_OBJC_LITERAL_CONVERSION = YES;
				CLANG_WARN_OBJC_ROOT_CLASS = YES_ERROR;
				CLANG_WARN_RANGE_LOOP_ANALYSIS = YES;
				CLANG_WARN_STRICT_PROTOTYPES = YES;
				CLANG_WARN_SUSPICIOUS_MOVE = YES;
				CLANG_WARN_UNGUARDED_AVAILABILITY = YES_AGGRESSIVE;
				CLANG_WARN_UNREACHABLE_CODE = YES;
				CLANG_WARN__DUPLICATE_METHOD_MATCH = YES;
				CODE_SIGN_IDENTITY = "iPhone Developer";
				COPY_PHASE_STRIP = NO;
				DEBUG_INFORMATION_FORMAT = "dwarf-with-dsym";
				ENABLE_NS_ASSERTIONS = NO;
				ENABLE_STRICT_OBJC_MSGSEND = YES;
				GCC_C_LANGUAGE_STANDARD = gnu11;
				GCC_NO_COMMON_BLOCKS = YES;
				GCC_WARN_64_TO_32_BIT_CONVERSION = YES;
				GCC_WARN_ABOUT_RETURN_TYPE = YES_ERROR;
				GCC_WARN_UNDECLARED_SELECTOR = YES;
				GCC_WARN_UNINITIALIZED_AUTOS = YES_AGGRESSIVE;
				GCC_WARN_UNUSED_FUNCTION = YES;
				GCC_WARN_UNUSED_VARIABLE = YES;
				IPHONEOS_DEPLOYMENT_TARGET = 11.2;
				MTL_ENABLE_DEBUG_INFO = NO;
				SDKROOT = iphoneos;
				SWIFT_OPTIMIZATION_LEVEL = "-Owholemodule";
				VALIDATE_PRODUCT = YES;
			};
			name = Release;
		};
		455BDE982062ED7A009CA00A /* Debug */ = {
			isa = XCBuildConfiguration;
			baseConfigurationReference = DAA1D58C247DE2B8A264EC8E /* Pods-ArtHouse.debug.xcconfig */;
			buildSettings = {
				ASSETCATALOG_COMPILER_APPICON_NAME = AppIcon;
				CODE_SIGN_STYLE = Automatic;
				DEVELOPMENT_TEAM = 98E8SVTQ29;
				INFOPLIST_FILE = ArtHouse/Info.plist;
				IPHONEOS_DEPLOYMENT_TARGET = 12.0;
				LD_RUNPATH_SEARCH_PATHS = "$(inherited) @executable_path/Frameworks";
				PRODUCT_BUNDLE_IDENTIFIER = com.thescarpagroup.ArtHouse;
				PRODUCT_NAME = "$(TARGET_NAME)";
				SWIFT_VERSION = 5.0;
				TARGETED_DEVICE_FAMILY = "1,2";
			};
			name = Debug;
		};
		455BDE992062ED7A009CA00A /* Release */ = {
			isa = XCBuildConfiguration;
			baseConfigurationReference = 01D3B9BC83A99C37572CE42D /* Pods-ArtHouse.release.xcconfig */;
			buildSettings = {
				ASSETCATALOG_COMPILER_APPICON_NAME = AppIcon;
				CODE_SIGN_STYLE = Automatic;
				DEVELOPMENT_TEAM = 98E8SVTQ29;
				INFOPLIST_FILE = ArtHouse/Info.plist;
				IPHONEOS_DEPLOYMENT_TARGET = 12.0;
				LD_RUNPATH_SEARCH_PATHS = "$(inherited) @executable_path/Frameworks";
				PRODUCT_BUNDLE_IDENTIFIER = com.thescarpagroup.ArtHouse;
				PRODUCT_NAME = "$(TARGET_NAME)";
				SWIFT_VERSION = 5.0;
				TARGETED_DEVICE_FAMILY = "1,2";
			};
			name = Release;
		};
/* End XCBuildConfiguration section */

/* Begin XCConfigurationList section */
		455BDE7E2062ED7A009CA00A /* Build configuration list for PBXProject "ArtHouse" */ = {
			isa = XCConfigurationList;
			buildConfigurations = (
				455BDE952062ED7A009CA00A /* Debug */,
				455BDE962062ED7A009CA00A /* Release */,
			);
			defaultConfigurationIsVisible = 0;
			defaultConfigurationName = Release;
		};
		455BDE972062ED7A009CA00A /* Build configuration list for PBXNativeTarget "ArtHouse" */ = {
			isa = XCConfigurationList;
			buildConfigurations = (
				455BDE982062ED7A009CA00A /* Debug */,
				455BDE992062ED7A009CA00A /* Release */,
			);
			defaultConfigurationIsVisible = 0;
			defaultConfigurationName = Release;
		};
/* End XCConfigurationList section */
	};
	rootObject = 455BDE7B2062ED7A009CA00A /* Project object */;
}
